
Microsoft Visual Studio Solution File, Format Version 12.00
# Visual Studio 14
VisualStudioVersion = 14.0.25420.1
MinimumVisualStudioVersion = 10.0.40219.1
Project("{2150E333-8FDC-42A3-9474-1A3956D46DE8}") = "01简单工厂模式", "01简单工厂模式", "{CD1E3779-F9A3-41A5-853C-D98ED92BC47B}"
EndProject
Project("{FAE04EC0-301F-11D3-BF4B-00C04F79EFBC}") = "计算器1.0", "01简单工厂模式\计算器1.0\计算器1.0.csproj", "{87C1A9CE-A937-4CB9-BE4C-420833C8865B}"
EndProject
Project("{FAE04EC0-301F-11D3-BF4B-00C04F79EFBC}") = "计算器2.0", "01简单工厂模式\计算器2.0\计算器2.0.csproj", "{C6005CD1-FCEF-4343-AB03-DE03D55B9364}"
EndProject
Project("{FAE04EC0-301F-11D3-BF4B-00C04F79EFBC}") = "计算器3.0", "01简单工厂模式\计算器3.0\计算器3.0.csproj", "{30E88A6F-00D3-432C-BDAF-5FDA5DEE5E4E}"
EndProject
Project("{FAE04EC0-301F-11D3-BF4B-00C04F79EFBC}") = "计算器4.0", "01简单工厂模式\计算器4.0\计算器4.0.csproj", "{BB61C9FE-051C-499F-AED7-B2B6212E447F}"
EndProject
Project("{2150E333-8FDC-42A3-9474-1A3956D46DE8}") = "02工厂方法模式", "02工厂方法模式", "{C4394388-FE07-4C01-8745-EB55C64D69DD}"
EndProject
Project("{FAE04EC0-301F-11D3-BF4B-00C04F79EFBC}") = "计算器5.0", "02工厂方法模式\计算器5.0\计算器5.0.csproj", "{DCBC1D8B-6FBE-4655-BDFF-CDA9038C02B4}"
EndProject
Project("{FAE04EC0-301F-11D3-BF4B-00C04F79EFBC}") = "模拟日志记录器", "02工厂方法模式\模拟日志记录器\模拟日志记录器.csproj", "{B4E8DF4E-1F42-41CB-9F55-77BECED7C248}"
EndProject
Project("{2150E333-8FDC-42A3-9474-1A3956D46DE8}") = "03单例模式", "03单例模式", "{5CCF09A3-C369-4766-8E5E-15838D95F781}"
EndProject
Project("{FAE04EC0-301F-11D3-BF4B-00C04F79EFBC}") = "01单例模式-单一窗口", "03单例模式\01单例模式-单一窗口\01单例模式-单一窗口.csproj", "{206B954A-882C-40A0-AA7F-BBDEE07F2F29}"
EndProject
Project("{FAE04EC0-301F-11D3-BF4B-00C04F79EFBC}") = "02单例模式-单一窗口", "03单例模式\02单例模式-单一窗口\02单例模式-单一窗口.csproj", "{F4AE2904-F55D-477B-8DB3-DFD16F6B086E}"
EndProject
Project("{FAE04EC0-301F-11D3-BF4B-00C04F79EFBC}") = "03单例模式-读取配置文件", "03单例模式\03单例模式-读取配置文件\03单例模式-读取配置文件.csproj", "{E4B59944-0A93-4617-B808-4EB933121421}"
EndProject
Project("{FAE04EC0-301F-11D3-BF4B-00C04F79EFBC}") = "04抽象工厂模式-多数据库连接", "04抽象工厂模式\04抽象工厂模式-多数据库连接\04抽象工厂模式-多数据库连接.csproj", "{9BF3B3A8-9F60-489D-A868-0B58688C2D35}"
EndProject
Project("{2150E333-8FDC-42A3-9474-1A3956D46DE8}") = "04抽象工厂模式", "04抽象工厂模式", "{8ACF1A05-05D6-48BB-A707-E02BF7C02FEC}"
EndProject
Project("{FAE04EC0-301F-11D3-BF4B-00C04F79EFBC}") = "04抽象工厂模式-多数据库连接-使用简单工厂改进", "04抽象工厂模式\04抽象工厂模式-多数据库连接-使用简单工厂改进\04抽象工厂模式-多数据库连接-使用简单工厂改进.csproj", "{6F9760D4-5007-4573-904A-2B93B9B5E4A3}"
EndProject
Project("{FAE04EC0-301F-11D3-BF4B-00C04F79EFBC}") = "04抽象工厂模式-多数据库连接-反射+简单工厂", "04抽象工厂模式\04抽象工厂模式-多数据库连接-反射+简单工厂\04抽象工厂模式-多数据库连接-反射+简单工厂.csproj", "{75AEB438-53D4-4181-B9A1-FB412708767E}"
EndProject
Global
	GlobalSection(SolutionConfigurationPlatforms) = preSolution
		Debug|Any CPU = Debug|Any CPU
		Release|Any CPU = Release|Any CPU
	EndGlobalSection
	GlobalSection(ProjectConfigurationPlatforms) = postSolution
		{87C1A9CE-A937-4CB9-BE4C-420833C8865B}.Debug|Any CPU.ActiveCfg = Debug|Any CPU
		{87C1A9CE-A937-4CB9-BE4C-420833C8865B}.Debug|Any CPU.Build.0 = Debug|Any CPU
		{87C1A9CE-A937-4CB9-BE4C-420833C8865B}.Release|Any CPU.ActiveCfg = Release|Any CPU
		{87C1A9CE-A937-4CB9-BE4C-420833C8865B}.Release|Any CPU.Build.0 = Release|Any CPU
		{C6005CD1-FCEF-4343-AB03-DE03D55B9364}.Debug|Any CPU.ActiveCfg = Debug|Any CPU
		{C6005CD1-FCEF-4343-AB03-DE03D55B9364}.Debug|Any CPU.Build.0 = Debug|Any CPU
		{C6005CD1-FCEF-4343-AB03-DE03D55B9364}.Release|Any CPU.ActiveCfg = Release|Any CPU
		{C6005CD1-FCEF-4343-AB03-DE03D55B9364}.Release|Any CPU.Build.0 = Release|Any CPU
		{30E88A6F-00D3-432C-BDAF-5FDA5DEE5E4E}.Debug|Any CPU.ActiveCfg = Debug|Any CPU
		{30E88A6F-00D3-432C-BDAF-5FDA5DEE5E4E}.Debug|Any CPU.Build.0 = Debug|Any CPU
		{30E88A6F-00D3-432C-BDAF-5FDA5DEE5E4E}.Release|Any CPU.ActiveCfg = Release|Any CPU
		{30E88A6F-00D3-432C-BDAF-5FDA5DEE5E4E}.Release|Any CPU.Build.0 = Release|Any CPU
		{BB61C9FE-051C-499F-AED7-B2B6212E447F}.Debug|Any CPU.ActiveCfg = Debug|Any CPU
		{BB61C9FE-051C-499F-AED7-B2B6212E447F}.Debug|Any CPU.Build.0 = Debug|Any CPU
		{BB61C9FE-051C-499F-AED7-B2B6212E447F}.Release|Any CPU.ActiveCfg = Release|Any CPU
		{BB61C9FE-051C-499F-AED7-B2B6212E447F}.Release|Any CPU.Build.0 = Release|Any CPU
		{DCBC1D8B-6FBE-4655-BDFF-CDA9038C02B4}.Debug|Any CPU.ActiveCfg = Debug|Any CPU
		{DCBC1D8B-6FBE-4655-BDFF-CDA9038C02B4}.Debug|Any CPU.Build.0 = Debug|Any CPU
		{DCBC1D8B-6FBE-4655-BDFF-CDA9038C02B4}.Release|Any CPU.ActiveCfg = Release|Any CPU
		{DCBC1D8B-6FBE-4655-BDFF-CDA9038C02B4}.Release|Any CPU.Build.0 = Release|Any CPU
		{B4E8DF4E-1F42-41CB-9F55-77BECED7C248}.Debug|Any CPU.ActiveCfg = Debug|Any CPU
		{B4E8DF4E-1F42-41CB-9F55-77BECED7C248}.Debug|Any CPU.Build.0 = Debug|Any CPU
		{B4E8DF4E-1F42-41CB-9F55-77BECED7C248}.Release|Any CPU.ActiveCfg = Release|Any CPU
		{B4E8DF4E-1F42-41CB-9F55-77BECED7C248}.Release|Any CPU.Build.0 = Release|Any CPU
		{206B954A-882C-40A0-AA7F-BBDEE07F2F29}.Debug|Any CPU.ActiveCfg = Debug|Any CPU
		{206B954A-882C-40A0-AA7F-BBDEE07F2F29}.Debug|Any CPU.Build.0 = Debug|Any CPU
		{206B954A-882C-40A0-AA7F-BBDEE07F2F29}.Release|Any CPU.ActiveCfg = Release|Any CPU
		{206B954A-882C-40A0-AA7F-BBDEE07F2F29}.Release|Any CPU.Build.0 = Release|Any CPU
		{F4AE2904-F55D-477B-8DB3-DFD16F6B086E}.Debug|Any CPU.ActiveCfg = Debug|Any CPU
		{F4AE2904-F55D-477B-8DB3-DFD16F6B086E}.Debug|Any CPU.Build.0 = Debug|Any CPU
		{F4AE2904-F55D-477B-8DB3-DFD16F6B086E}.Release|Any CPU.ActiveCfg = Release|Any CPU
		{F4AE2904-F55D-477B-8DB3-DFD16F6B086E}.Release|Any CPU.Build.0 = Release|Any CPU
		{E4B59944-0A93-4617-B808-4EB933121421}.Debug|Any CPU.ActiveCfg = Debug|Any CPU
		{E4B59944-0A93-4617-B808-4EB933121421}.Debug|Any CPU.Build.0 = Debug|Any CPU
		{E4B59944-0A93-4617-B808-4EB933121421}.Release|Any CPU.ActiveCfg = Release|Any CPU
		{E4B59944-0A93-4617-B808-4EB933121421}.Release|Any CPU.Build.0 = Release|Any CPU
		{9BF3B3A8-9F60-489D-A868-0B58688C2D35}.Debug|Any CPU.ActiveCfg = Debug|Any CPU
		{9BF3B3A8-9F60-489D-A868-0B58688C2D35}.Debug|Any CPU.Build.0 = Debug|Any CPU
		{9BF3B3A8-9F60-489D-A868-0B58688C2D35}.Release|Any CPU.ActiveCfg = Release|Any CPU
		{9BF3B3A8-9F60-489D-A868-0B58688C2D35}.Release|Any CPU.Build.0 = Release|Any CPU
		{6F9760D4-5007-4573-904A-2B93B9B5E4A3}.Debug|Any CPU.ActiveCfg = Debug|Any CPU
		{6F9760D4-5007-4573-904A-2B93B9B5E4A3}.Debug|Any CPU.Build.0 = Debug|Any CPU
		{6F9760D4-5007-4573-904A-2B93B9B5E4A3}.Release|Any CPU.ActiveCfg = Release|Any CPU
		{6F9760D4-5007-4573-904A-2B93B9B5E4A3}.Release|Any CPU.Build.0 = Release|Any CPU
		{75AEB438-53D4-4181-B9A1-FB412708767E}.Debug|Any CPU.ActiveCfg = Debug|Any CPU
		{75AEB438-53D4-4181-B9A1-FB412708767E}.Debug|Any CPU.Build.0 = Debug|Any CPU
		{75AEB438-53D4-4181-B9A1-FB412708767E}.Release|Any CPU.ActiveCfg = Release|Any CPU
		{75AEB438-53D4-4181-B9A1-FB412708767E}.Release|Any CPU.Build.0 = Release|Any CPU
	EndGlobalSection
	GlobalSection(SolutionProperties) = preSolution
		HideSolutionNode = FALSE
	EndGlobalSection
	GlobalSection(NestedProjects) = preSolution
		{87C1A9CE-A937-4CB9-BE4C-420833C8865B} = {CD1E3779-F9A3-41A5-853C-D98ED92BC47B}
		{C6005CD1-FCEF-4343-AB03-DE03D55B9364} = {CD1E3779-F9A3-41A5-853C-D98ED92BC47B}
		{30E88A6F-00D3-432C-BDAF-5FDA5DEE5E4E} = {CD1E3779-F9A3-41A5-853C-D98ED92BC47B}
		{BB61C9FE-051C-499F-AED7-B2B6212E447F} = {CD1E3779-F9A3-41A5-853C-D98ED92BC47B}
		{DCBC1D8B-6FBE-4655-BDFF-CDA9038C02B4} = {C4394388-FE07-4C01-8745-EB55C64D69DD}
		{B4E8DF4E-1F42-41CB-9F55-77BECED7C248} = {C4394388-FE07-4C01-8745-EB55C64D69DD}
		{206B954A-882C-40A0-AA7F-BBDEE07F2F29} = {5CCF09A3-C369-4766-8E5E-15838D95F781}
		{F4AE2904-F55D-477B-8DB3-DFD16F6B086E} = {5CCF09A3-C369-4766-8E5E-15838D95F781}
		{E4B59944-0A93-4617-B808-4EB933121421} = {5CCF09A3-C369-4766-8E5E-15838D95F781}
		{9BF3B3A8-9F60-489D-A868-0B58688C2D35} = {8ACF1A05-05D6-48BB-A707-E02BF7C02FEC}
		{6F9760D4-5007-4573-904A-2B93B9B5E4A3} = {8ACF1A05-05D6-48BB-A707-E02BF7C02FEC}
		{75AEB438-53D4-4181-B9A1-FB412708767E} = {8ACF1A05-05D6-48BB-A707-E02BF7C02FEC}
	EndGlobalSection
EndGlobal
